
Microsoft Visual Studio Solution File, Format Version 12.00
# Visual Studio Version 17
VisualStudioVersion = 17.3.32825.248
MinimumVisualStudioVersion = 10.0.40219.1
Project("{9A19103F-16F7-4668-BE54-9A1E7A4F7556}") = "demo.api", "demo.api\demo.api.csproj", "{67177151-960C-4A7D-9BE3-481442A1B0A9}"
EndProject
Project("{E53339B2-1760-4266-BCC7-CA923CBCF16C}") = "docker-compose", "docker-compose.dcproj", "{43EA9884-0FED-4FE4-9D4B-CE294610C766}"
EndProject
Global
	GlobalSection(SolutionConfigurationPlatforms) = preSolution
		Debug|Any CPU = Debug|Any CPU
		Release|Any CPU = Release|Any CPU
	EndGlobalSection
	GlobalSection(ProjectConfigurationPlatforms) = postSolution
		{67177151-960C-4A7D-9BE3-481442A1B0A9}.Debug|Any CPU.ActiveCfg = Debug|Any CPU
		{67177151-960C-4A7D-9BE3-481442A1B0A9}.Debug|Any CPU.Build.0 = Debug|Any CPU
		{67177151-960C-4A7D-9BE3-481442A1B0A9}.Release|Any CPU.ActiveCfg = Release|Any CPU
		{67177151-960C-4A7D-9BE3-481442A1B0A9}.Release|Any CPU.Build.0 = Release|Any CPU
		{43EA9884-0FED-4FE4-9D4B-CE294610C766}.Debug|Any CPU.ActiveCfg = Debug|Any CPU
		{43EA9884-0FED-4FE4-9D4B-CE294610C766}.Debug|Any CPU.Build.0 = Debug|Any CPU
		{43EA9884-0FED-4FE4-9D4B-CE294610C766}.Release|Any CPU.ActiveCfg = Release|Any CPU
		{43EA9884-0FED-4FE4-9D4B-CE294610C766}.Release|Any CPU.Build.0 = Release|Any CPU
	EndGlobalSection
	GlobalSection(SolutionProperties) = preSolution
		HideSolutionNode = FALSE
	EndGlobalSection
	GlobalSection(ExtensibilityGlobals) = postSolution
		SolutionGuid = {4103FA83-8444-4D2E-A5DA-B5B440460742}
	EndGlobalSection
EndGlobal
